// !$*UTF8*$!
{
	archiveVersion = 1;
	classes = {
	};
	objectVersion = 50;
	objects = {

/* Begin PBXBuildFile section */
		DEA317F92312F1810018A81D /* AppDelegate.swift in Sources */ = {isa = PBXBuildFile; fileRef = DEA317F82312F1810018A81D /* AppDelegate.swift */; };
		DEA317FB2312F1810018A81D /* SceneDelegate.swift in Sources */ = {isa = PBXBuildFile; fileRef = DEA317FA2312F1810018A81D /* SceneDelegate.swift */; };
		DEA317FD2312F1810018A81D /* ContentView.swift in Sources */ = {isa = PBXBuildFile; fileRef = DEA317FC2312F1810018A81D /* ContentView.swift */; };
		DEA317FF2312F1840018A81D /* Assets.xcassets in Resources */ = {isa = PBXBuildFile; fileRef = DEA317FE2312F1840018A81D /* Assets.xcassets */; };
		DEA318022312F1840018A81D /* Preview Assets.xcassets in Resources */ = {isa = PBXBuildFile; fileRef = DEA318012312F1840018A81D /* Preview Assets.xcassets */; };
		DEA318052312F1840018A81D /* LaunchScreen.storyboard in Resources */ = {isa = PBXBuildFile; fileRef = DEA318032312F1840018A81D /* LaunchScreen.storyboard */; };
		DEA3180D2312F9FC0018A81D /* CalculatorButtonItem.swift in Sources */ = {isa = PBXBuildFile; fileRef = DEA3180C2312F9FC0018A81D /* CalculatorButtonItem.swift */; };
		DEA3180F231303F50018A81D /* CalculatorBrain.swift in Sources */ = {isa = PBXBuildFile; fileRef = DEA3180E231303F50018A81D /* CalculatorBrain.swift */; };
		DED8F2DE2371E67E0072CC6B /* CalculatorModel.swift in Sources */ = {isa = PBXBuildFile; fileRef = DED8F2DD2371E67E0072CC6B /* CalculatorModel.swift */; };
		DED8F2E02371EB0C0072CC6B /* HistoryView.swift in Sources */ = {isa = PBXBuildFile; fileRef = DED8F2DF2371EB0C0072CC6B /* HistoryView.swift */; };
/* End PBXBuildFile section */

/* Begin PBXFileReference section */
		DEA317F52312F1810018A81D /* Calculator.app */ = {isa = PBXFileReference; explicitFileType = wrapper.application; includeInIndex = 0; path = Calculator.app; sourceTree = BUILT_PRODUCTS_DIR; };
		DEA317F82312F1810018A81D /* AppDelegate.swift */ = {isa = PBXFileReference; lastKnownFileType = sourcecode.swift; path = AppDelegate.swift; sourceTree = "<group>"; };
		DEA317FA2312F1810018A81D /* SceneDelegate.swift */ = {isa = PBXFileReference; lastKnownFileType = sourcecode.swift; path = SceneDelegate.swift; sourceTree = "<group>"; };
		DEA317FC2312F1810018A81D /* ContentView.swift */ = {isa = PBXFileReference; lastKnownFileType = sourcecode.swift; path = ContentView.swift; sourceTree = "<group>"; };
		DEA317FE2312F1840018A81D /* Assets.xcassets */ = {isa = PBXFileReference; lastKnownFileType = folder.assetcatalog; path = Assets.xcassets; sourceTree = "<group>"; };
		DEA318012312F1840018A81D /* Preview Assets.xcassets */ = {isa = PBXFileReference; lastKnownFileType = folder.assetcatalog; path = "Preview Assets.xcassets"; sourceTree = "<group>"; };
		DEA318042312F1840018A81D /* Base */ = {isa = PBXFileReference; lastKnownFileType = file.storyboard; name = Base; path = Base.lproj/LaunchScreen.storyboard; sourceTree = "<group>"; };
		DEA318062312F1840018A81D /* Info.plist */ = {isa = PBXFileReference; lastKnownFileType = text.plist.xml; path = Info.plist; sourceTree = "<group>"; };
		DEA3180C2312F9FC0018A81D /* CalculatorButtonItem.swift */ = {isa = PBXFileReference; lastKnownFileType = sourcecode.swift; path = CalculatorButtonItem.swift; sourceTree = "<group>"; };
		DEA3180E231303F50018A81D /* CalculatorBrain.swift */ = {isa = PBXFileReference; lastKnownFileType = sourcecode.swift; path = CalculatorBrain.swift; sourceTree = "<group>"; };
		DED8F2DD2371E67E0072CC6B /* CalculatorModel.swift */ = {isa = PBXFileReference; lastKnownFileType = sourcecode.swift; path = CalculatorModel.swift; sourceTree = "<group>"; };
		DED8F2DF2371EB0C0072CC6B /* HistoryView.swift */ = {isa = PBXFileReference; lastKnownFileType = sourcecode.swift; path = HistoryView.swift; sourceTree = "<group>"; };
/* End PBXFileReference section */

/* Begin PBXFrameworksBuildPhase section */
		DEA317F22312F1810018A81D /* Frameworks */ = {
			isa = PBXFrameworksBuildPhase;
			buildActionMask = 2147483647;
			files = (
			);
			runOnlyForDeploymentPostprocessing = 0;
		};
/* End PBXFrameworksBuildPhase section */

/* Begin PBXGroup section */
		DEA317EC2312F1810018A81D = {
			isa = PBXGroup;
			children = (
				DEA317F72312F1810018A81D /* Calculator */,
				DEA317F62312F1810018A81D /* Products */,
			);
			sourceTree = "<group>";
		};
		DEA317F62312F1810018A81D /* Products */ = {
			isa = PBXGroup;
			children = (
				DEA317F52312F1810018A81D /* Calculator.app */,
			);
			name = Products;
			sourceTree = "<group>";
		};
		DEA317F72312F1810018A81D /* Calculator */ = {
			isa = PBXGroup;
			children = (
				DEA317F82312F1810018A81D /* AppDelegate.swift */,
				DEA317FA2312F1810018A81D /* SceneDelegate.swift */,
				DEA317FC2312F1810018A81D /* ContentView.swift */,
				DEA3180C2312F9FC0018A81D /* CalculatorButtonItem.swift */,
				DEA3180E231303F50018A81D /* CalculatorBrain.swift */,
				DED8F2DD2371E67E0072CC6B /* CalculatorModel.swift */,
				DED8F2DF2371EB0C0072CC6B /* HistoryView.swift */,
				DEA317FE2312F1840018A81D /* Assets.xcassets */,
				DEA318032312F1840018A81D /* LaunchScreen.storyboard */,
				DEA318062312F1840018A81D /* Info.plist */,
				DEA318002312F1840018A81D /* Preview Content */,
			);
			path = Calculator;
			sourceTree = "<group>";
		};
		DEA318002312F1840018A81D /* Preview Content */ = {
			isa = PBXGroup;
			children = (
				DEA318012312F1840018A81D /* Preview Assets.xcassets */,
			);
			path = "Preview Content";
			sourceTree = "<group>";
		};
/* End PBXGroup section */

/* Begin PBXNativeTarget section */
		DEA317F42312F1810018A81D /* Calculator */ = {
			isa = PBXNativeTarget;
			buildConfigurationList = DEA318092312F1840018A81D /* Build configuration list for PBXNativeTarget "Calculator" */;
			buildPhases = (
				DEA317F12312F1810018A81D /* Sources */,
				DEA317F22312F1810018A81D /* Frameworks */,
				DEA317F32312F1810018A81D /* Resources */,
			);
			buildRules = (
			);
			dependencies = (
			);
			name = Calculator;
			productName = Calculator;
			productReference = DEA317F52312F1810018A81D /* Calculator.app */;
			productType = "com.apple.product-type.application";
		};
/* End PBXNativeTarget section */

/* Begin PBXProject section */
		DEA317ED2312F1810018A81D /* Project object */ = {
			isa = PBXProject;
			attributes = {
				LastSwiftUpdateCheck = 1100;
				LastUpgradeCheck = 1100;
				ORGANIZATIONNAME = YunshenIT;
				TargetAttributes = {
					DEA317F42312F1810018A81D = {
						CreatedOnToolsVersion = 11.0;
					};
				};
			};
			buildConfigurationList = DEA317F02312F1810018A81D /* Build configuration list for PBXProject "Calculator" */;
			compatibilityVersion = "Xcode 9.3";
			developmentRegion = en;
			hasScannedForEncodings = 0;
			knownRegions = (
				en,
				Base,
			);
			mainGroup = DEA317EC2312F1810018A81D;
			productRefGroup = DEA317F62312F1810018A81D /* Products */;
			projectDirPath = "";
			projectRoot = "";
			targets = (
				DEA317F42312F1810018A81D /* Calculator */,
			);
		};
/* End PBXProject section */

/* Begin PBXResourcesBuildPhase section */
		DEA317F32312F1810018A81D /* Resources */ = {
			isa = PBXResourcesBuildPhase;
			buildActionMask = 2147483647;
			files = (
				DEA318052312F1840018A81D /* LaunchScreen.storyboard in Resources */,
				DEA318022312F1840018A81D /* Preview Assets.xcassets in Resources */,
				DEA317FF2312F1840018A81D /* Assets.xcassets in Resources */,
			);
			runOnlyForDeploymentPostprocessing = 0;
		};
/* End PBXResourcesBuildPhase section */

/* Begin PBXSourcesBuildPhase section */
		DEA317F12312F1810018A81D /* Sources */ = {
			isa = PBXSourcesBuildPhase;
			buildActionMask = 2147483647;
			files = (
				DED8F2E02371EB0C0072CC6B /* HistoryView.swift in Sources */,
				DEA317F92312F1810018A81D /* AppDelegate.swift in Sources */,
				DEA317FB2312F1810018A81D /* SceneDelegate.swift in Sources */,
				DEA3180D2312F9FC0018A81D /* CalculatorButtonItem.swift in Sources */,
				DED8F2DE2371E67E0072CC6B /* CalculatorModel.swift in Sources */,
				DEA3180F231303F50018A81D /* CalculatorBrain.swift in Sources */,
				DEA317FD2312F1810018A81D /* ContentView.swift in Sources */,
			);
			runOnlyForDeploymentPostprocessing = 0;
		};
/* End PBXSourcesBuildPhase section */

/* Begin PBXVariantGroup section */
		DEA318032312F1840018A81D /* LaunchScreen.storyboard */ = {
			isa = PBXVariantGroup;
			children = (
				DEA318042312F1840018A81D /* Base */,
			);
			name = LaunchScreen.storyboard;
			sourceTree = "<group>";
		};
/* End PBXVariantGroup section */

/* Begin XCBuildConfiguration section */
		DEA318072312F1840018A81D /* Debug */ = {
			isa = XCBuildConfiguration;
			buildSettings = {
				ALWAYS_SEARCH_USER_PATHS = NO;
				CLANG_ANALYZER_NONNULL = YES;
				CLANG_ANALYZER_NUMBER_OBJECT_CONVERSION = YES_AGGRESSIVE;
				CLANG_CXX_LANGUAGE_STANDARD = "gnu++14";
				CLANG_CXX_LIBRARY = "libc++";
				CLANG_ENABLE_MODULES = YES;
				CLANG_ENABLE_OBJC_ARC = YES;
				CLANG_ENABLE_OBJC_WEAK = YES;
				CLANG_WARN_BLOCK_CAPTURE_AUTORELEASING = YES;
				CLANG_WARN_BOOL_CONVERSION = YES;
				CLANG_WARN_COMMA = YES;
				CLANG_WARN_CONSTANT_CONVERSION = YES;
				CLANG_WARN_DEPRECATED_OBJC_IMPLEMENTATIONS = YES;
				CLANG_WARN_DIRECT_OBJC_ISA_USAGE = YES_ERROR;
				CLANG_WARN_DOCUMENTATION_COMMENTS = YES;
				CLANG_WARN_EMPTY_BODY = YES;
				CLANG_WARN_ENUM_CONVERSION = YES;
				CLANG_WARN_INFINITE_RECURSION = YES;
				CLANG_WARN_INT_CONVERSION = YES;
				CLANG_WARN_NON_LITERAL_NULL_CONVERSION = YES;
				CLANG_WARN_OBJC_IMPLICIT_RETAIN_SELF = YES;
				CLANG_WARN_OBJC_LITERAL_CONVERSION = YES;
				CLANG_WARN_OBJC_ROOT_CLASS = YES_ERROR;
				CLANG_WARN_RANGE_LOOP_ANALYSIS = YES;
				CLANG_WARN_STRICT_PROTOTYPES = YES;
				CLANG_WARN_SUSPICIOUS_MOVE = YES;
				CLANG_WARN_UNGUARDED_AVAILABILITY = YES_AGGRESSIVE;
				CLANG_WARN_UNREACHABLE_CODE = YES;
				CLANG_WARN__DUPLICATE_METHOD_MATCH = YES;
				COPY_PHASE_STRIP = NO;
				DEBUG_INFORMATION_FORMAT = dwarf;
				ENABLE_STRICT_OBJC_MSGSEND = YES;
				ENABLE_TESTABILITY = YES;
				GCC_C_LANGUAGE_STANDARD = gnu11;
				GCC_DYNAMIC_NO_PIC = NO;
				GCC_NO_COMMON_BLOCKS = YES;
				GCC_OPTIMIZATION_LEVEL = 0;
				GCC_PREPROCESSOR_DEFINITIONS = (
					"DEBUG=1",
					"$(inherited)",
				);
				GCC_WARN_64_TO_32_BIT_CONVERSION = YES;
				GCC_WARN_ABOUT_RETURN_TYPE = YES_ERROR;
				GCC_WARN_UNDECLARED_SELECTOR = YES;
				GCC_WARN_UNINITIALIZED_AUTOS = YES_AGGRESSIVE;
				GCC_WARN_UNUSED_FUNCTION = YES;
				GCC_WARN_UNUSED_VARIABLE = YES;
				IPHONEOS_DEPLOYMENT_TARGET = 13.0;
				MTL_ENABLE_DEBUG_INFO = INCLUDE_SOURCE;
				MTL_FAST_MATH = YES;
				ONLY_ACTIVE_ARCH = YES;
				SDKROOT = iphoneos;
				SWIFT_ACTIVE_COMPILATION_CONDITIONS = DEBUG;
				SWIFT_OPTIMIZATION_LEVEL = "-Onone";
			};
			name = Debug;
		};
		DEA318082312F1840018A81D /* Release */ = {
			isa = XCBuildConfiguration;
			buildSettings = {
				ALWAYS_SEARCH_USER_PATHS = NO;
				CLANG_ANALYZER_NONNULL = YES;
				CLANG_ANALYZER_NUMBER_OBJECT_CONVERSION = YES_AGGRESSIVE;
				CLANG_CXX_LANGUAGE_STANDARD = "gnu++14";
				CLANG_CXX_LIBRARY = "libc++";
				CLANG_ENABLE_MODULES = YES;
				CLANG_ENABLE_OBJC_ARC = YES;
				CLANG_ENABLE_OBJC_WEAK = YES;
				CLANG_WARN_BLOCK_CAPTURE_AUTORELEASING = YES;
				CLANG_WARN_BOOL_CONVERSION = YES;
				CLANG_WARN_COMMA = YES;
				CLANG_WARN_CONSTANT_CONVERSION = YES;
				CLANG_WARN_DEPRECATED_OBJC_IMPLEMENTATIONS = YES;
				CLANG_WARN_DIRECT_OBJC_ISA_USAGE = YES_ERROR;
				CLANG_WARN_DOCUMENTATION_COMMENTS = YES;
				CLANG_WARN_EMPTY_BODY = YES;
				CLANG_WARN_ENUM_CONVERSION = YES;
				CLANG_WARN_INFINITE_RECURSION = YES;
				CLANG_WARN_INT_CONVERSION = YES;
				CLANG_WARN_NON_LITERAL_NULL_CONVERSION = YES;
				CLANG_WARN_OBJC_IMPLICIT_RETAIN_SELF = YES;
				CLANG_WARN_OBJC_LITERAL_CONVERSION = YES;
				CLANG_WARN_OBJC_ROOT_CLASS = YES_ERROR;
				CLANG_WARN_RANGE_LOOP_ANALYSIS = YES;
				CLANG_WARN_STRICT_PROTOTYPES = YES;
				CLANG_WARN_SUSPICIOUS_MOVE = YES;
				CLANG_WARN_UNGUARDED_AVAILABILITY = YES_AGGRESSIVE;
				CLANG_WARN_UNREACHABLE_CODE = YES;
				CLANG_WARN__DUPLICATE_METHOD_MATCH = YES;
				COPY_PHASE_STRIP = NO;
				DEBUG_INFORMATION_FORMAT = "dwarf-with-dsym";
				ENABLE_NS_ASSERTIONS = NO;
				ENABLE_STRICT_OBJC_MSGSEND = YES;
				GCC_C_LANGUAGE_STANDARD = gnu11;
				GCC_NO_COMMON_BLOCKS = YES;
				GCC_WARN_64_TO_32_BIT_CONVERSION = YES;
				GCC_WARN_ABOUT_RETURN_TYPE = YES_ERROR;
				GCC_WARN_UNDECLARED_SELECTOR = YES;
				GCC_WARN_UNINITIALIZED_AUTOS = YES_AGGRESSIVE;
				GCC_WARN_UNUSED_FUNCTION = YES;
				GCC_WARN_UNUSED_VARIABLE = YES;
				IPHONEOS_DEPLOYMENT_TARGET = 13.0;
				MTL_ENABLE_DEBUG_INFO = NO;
				MTL_FAST_MATH = YES;
				SDKROOT = iphoneos;
				SWIFT_COMPILATION_MODE = wholemodule;
				SWIFT_OPTIMIZATION_LEVEL = "-O";
				VALIDATE_PRODUCT = YES;
			};
			name = Release;
		};
		DEA3180A2312F1840018A81D /* Debug */ = {
			isa = XCBuildConfiguration;
			buildSettings = {
				ASSETCATALOG_COMPILER_APPICON_NAME = AppIcon;
				CODE_SIGN_STYLE = Automatic;
				DEVELOPMENT_ASSET_PATHS = "\"Calculator/Preview Content\"";
				DEVELOPMENT_TEAM = 43WQN9VRHZ;
				ENABLE_PREVIEWS = YES;
				INFOPLIST_FILE = Calculator/Info.plist;
				LD_RUNPATH_SEARCH_PATHS = (
					"$(inherited)",
					"@executable_path/Frameworks",
				);
				PRODUCT_BUNDLE_IDENTIFIER = com.yunshenit.Calculator;
				PRODUCT_NAME = "$(TARGET_NAME)";
				SWIFT_VERSION = 5.0;
				TARGETED_DEVICE_FAMILY = "1,2";
			};
			name = Debug;
		};
		DEA3180B2312F1840018A81D /* Release */ = {
			isa = XCBuildConfiguration;
			buildSettings = {
				ASSETCATALOG_COMPILER_APPICON_NAME = AppIcon;
				CODE_SIGN_STYLE = Automatic;
				DEVELOPMENT_ASSET_PATHS = "\"Calculator/Preview Content\"";
				DEVELOPMENT_TEAM = 43WQN9VRHZ;
				ENABLE_PREVIEWS = YES;
				INFOPLIST_FILE = Calculator/Info.plist;
				LD_RUNPATH_SEARCH_PATHS = (
					"$(inherited)",
					"@executable_path/Frameworks",
				);
				PRODUCT_BUNDLE_IDENTIFIER = com.yunshenit.Calculator;
				PRODUCT_NAME = "$(TARGET_NAME)";
				SWIFT_VERSION = 5.0;
				TARGETED_DEVICE_FAMILY = "1,2";
			};
			name = Release;
		};
/* End XCBuildConfiguration section */

/* Begin XCConfigurationList section */
		DEA317F02312F1810018A81D /* Build configuration list for PBXProject "Calculator" */ = {
			isa = XCConfigurationList;
			buildConfigurations = (
				DEA318072312F1840018A81D /* Debug */,
				DEA318082312F1840018A81D /* Release */,
			);
			defaultConfigurationIsVisible = 0;
			defaultConfigurationName = Release;
		};
		DEA318092312F1840018A81D /* Build configuration list for PBXNativeTarget "Calculator" */ = {
			isa = XCConfigurationList;
			buildConfigurations = (
				DEA3180A2312F1840018A81D /* Debug */,
				DEA3180B2312F1840018A81D /* Release */,
			);
			defaultConfigurationIsVisible = 0;
			defaultConfigurationName = Release;
		};
/* End XCConfigurationList section */
	};
	rootObject = DEA317ED2312F1810018A81D /* Project object */;
}
